
Microsoft Visual Studio Solution File, Format Version 12.00
# Visual Studio 15
VisualStudioVersion = 15.0.27130.2024
MinimumVisualStudioVersion = 10.0.40219.1
Project("{FAE04EC0-301F-11D3-BF4B-00C04F79EFBC}") = "Password", "Password\Password.csproj", "{A70FCEB1-6F39-4347-86CB-4E0664D7C8AE}"
EndProject
Project("{FAE04EC0-301F-11D3-BF4B-00C04F79EFBC}") = "PasswordValidatorTest", "PasswordValidatorTest\PasswordValidatorTest.csproj", "{5CC72E60-3E3D-4581-A974-04D9C9F42D8C}"
EndProject
Global
	GlobalSection(SolutionConfigurationPlatforms) = preSolution
		Debug|Any CPU = Debug|Any CPU
		Release|Any CPU = Release|Any CPU
	EndGlobalSection
	GlobalSection(ProjectConfigurationPlatforms) = postSolution
		{A70FCEB1-6F39-4347-86CB-4E0664D7C8AE}.Debug|Any CPU.ActiveCfg = Debug|Any CPU
		{A70FCEB1-6F39-4347-86CB-4E0664D7C8AE}.Debug|Any CPU.Build.0 = Debug|Any CPU
		{A70FCEB1-6F39-4347-86CB-4E0664D7C8AE}.Release|Any CPU.ActiveCfg = Release|Any CPU
		{A70FCEB1-6F39-4347-86CB-4E0664D7C8AE}.Release|Any CPU.Build.0 = Release|Any CPU
		{5CC72E60-3E3D-4581-A974-04D9C9F42D8C}.Debug|Any CPU.ActiveCfg = Debug|Any CPU
		{5CC72E60-3E3D-4581-A974-04D9C9F42D8C}.Debug|Any CPU.Build.0 = Debug|Any CPU
		{5CC72E60-3E3D-4581-A974-04D9C9F42D8C}.Release|Any CPU.ActiveCfg = Release|Any CPU
		{5CC72E60-3E3D-4581-A974-04D9C9F42D8C}.Release|Any CPU.Build.0 = Release|Any CPU
	EndGlobalSection
	GlobalSection(SolutionProperties) = preSolution
		HideSolutionNode = FALSE
	EndGlobalSection
	GlobalSection(ExtensibilityGlobals) = postSolution
		SolutionGuid = {D7EE301C-5C4E-43F7-944F-65DC4357259D}
	EndGlobalSection
EndGlobal
